
Microsoft Visual Studio Solution File, Format Version 12.00
# Visual Studio Version 16
VisualStudioVersion = 16.0.31911.196
MinimumVisualStudioVersion = 10.0.40219.1
Project("{9A19103F-16F7-4668-BE54-9A1E7A4F7556}") = "AlgorithmExercises", "AlgorithmExercises\AlgorithmExercises.csproj", "{B4364ACC-1DDE-48D0-A815-3B1AB767C9E8}"
EndProject
Project("{FAE04EC0-301F-11D3-BF4B-00C04F79EFBC}") = "AlgorithmExercisesTests", "AlgorithmExercisesTests\AlgorithmExercisesTests.csproj", "{C569CB9D-7FFF-4126-AE29-F9A3ECEA3C45}"
EndProject
Global
	GlobalSection(SolutionConfigurationPlatforms) = preSolution
		Debug|Any CPU = Debug|Any CPU
		Release|Any CPU = Release|Any CPU
	EndGlobalSection
	GlobalSection(ProjectConfigurationPlatforms) = postSolution
		{B4364ACC-1DDE-48D0-A815-3B1AB767C9E8}.Debug|Any CPU.ActiveCfg = Debug|Any CPU
		{B4364ACC-1DDE-48D0-A815-3B1AB767C9E8}.Debug|Any CPU.Build.0 = Debug|Any CPU
		{B4364ACC-1DDE-48D0-A815-3B1AB767C9E8}.Release|Any CPU.ActiveCfg = Release|Any CPU
		{B4364ACC-1DDE-48D0-A815-3B1AB767C9E8}.Release|Any CPU.Build.0 = Release|Any CPU
		{C569CB9D-7FFF-4126-AE29-F9A3ECEA3C45}.Debug|Any CPU.ActiveCfg = Debug|Any CPU
		{C569CB9D-7FFF-4126-AE29-F9A3ECEA3C45}.Debug|Any CPU.Build.0 = Debug|Any CPU
		{C569CB9D-7FFF-4126-AE29-F9A3ECEA3C45}.Release|Any CPU.ActiveCfg = Release|Any CPU
		{C569CB9D-7FFF-4126-AE29-F9A3ECEA3C45}.Release|Any CPU.Build.0 = Release|Any CPU
	EndGlobalSection
	GlobalSection(SolutionProperties) = preSolution
		HideSolutionNode = FALSE
	EndGlobalSection
	GlobalSection(ExtensibilityGlobals) = postSolution
		SolutionGuid = {513B5FD7-D1E6-4DF6-80C0-370CD37D510C}
	EndGlobalSection
EndGlobal
